version = 1
revision = 3
requires-python = ">=3.14"

[[package]]
name = "dicomsorter"
version = "0.1.0"
source = { editable = "." }
dependencies = [
    { name = "pydicom" },
]

[package.metadata]
requires-dist = [{ name = "pydicom", specifier = ">=3.0.1" }]

[[package]]
name = "pydicom"
version = "3.0.1"
source = { registry = "https://pypi.org/simple" }
sdist = { url = "https://files.pythonhosted.org/packages/d7/6f/55ea163b344c91df2e03c007bebf94781f0817656e2c037d7c5bf86c3bfc/pydicom-3.0.1.tar.gz", hash = "sha256:7b8be344b5b62493c9452ba6f5a299f78f8a6ab79786c729b0613698209603ec", size = 2884731, upload-time = "2024-09-22T02:02:43.202Z" }
wheels = [
    { url = "https://files.pythonhosted.org/packages/27/a6/98651e752a49f341aa99aa3f6c8ba361728dfc064242884355419df63669/pydicom-3.0.1-py3-none-any.whl", hash = "sha256:db32f78b2641bd7972096b8289111ddab01fb221610de8d7afa835eb938adb41", size = 2376126, upload-time = "2024-09-22T02:02:41.616Z" },
]
